
Microsoft Visual Studio Solution File, Format Version 12.00
# Visual Studio 15
VisualStudioVersion = 15.0.28307.106
MinimumVisualStudioVersion = 10.0.40219.1
Project("{FAE04EC0-301F-11D3-BF4B-00C04F79EFBC}") = "ExampleProject", "ExampleProject\ExampleProject.csproj", "{20F128C2-B6D1-4099-A2FA-3B5EA4A9A7B8}"
EndProject
Project("{FAE04EC0-301F-11D3-BF4B-00C04F79EFBC}") = "AnotherProject", "AnotherProject\AnotherProject.csproj", "{017CCA44-038D-40A4-A85C-FAFF8DED6867}"
EndProject
Global
	GlobalSection(SolutionConfigurationPlatforms) = preSolution
		Debug|Any CPU = Debug|Any CPU
		Release|Any CPU = Release|Any CPU
	EndGlobalSection
	GlobalSection(ProjectConfigurationPlatforms) = postSolution
		{20F128C2-B6D1-4099-A2FA-3B5EA4A9A7B8}.Debug|Any CPU.ActiveCfg = Debug|Any CPU
		{20F128C2-B6D1-4099-A2FA-3B5EA4A9A7B8}.Debug|Any CPU.Build.0 = Debug|Any CPU
		{20F128C2-B6D1-4099-A2FA-3B5EA4A9A7B8}.Release|Any CPU.ActiveCfg = Release|Any CPU
		{20F128C2-B6D1-4099-A2FA-3B5EA4A9A7B8}.Release|Any CPU.Build.0 = Release|Any CPU
		{017CCA44-038D-40A4-A85C-FAFF8DED6867}.Debug|Any CPU.ActiveCfg = Debug|Any CPU
		{017CCA44-038D-40A4-A85C-FAFF8DED6867}.Debug|Any CPU.Build.0 = Debug|Any CPU
		{017CCA44-038D-40A4-A85C-FAFF8DED6867}.Release|Any CPU.ActiveCfg = Release|Any CPU
		{017CCA44-038D-40A4-A85C-FAFF8DED6867}.Release|Any CPU.Build.0 = Release|Any CPU
	EndGlobalSection
	GlobalSection(SolutionProperties) = preSolution
		HideSolutionNode = FALSE
	EndGlobalSection
	GlobalSection(ExtensibilityGlobals) = postSolution
		SolutionGuid = {67C5D086-20B0-4D33-827C-BDA27BF62DA0}
	EndGlobalSection
EndGlobal
