
Microsoft Visual Studio Solution File, Format Version 12.00
# Visual Studio 15
VisualStudioVersion = 15.0.28307.106
MinimumVisualStudioVersion = 10.0.40219.1
Project("{FAE04EC0-301F-11D3-BF4B-00C04F79EFBC}") = "ArrayEx", "ArrayEx\ArrayEx.csproj", "{00FF9191-7AD5-4278-9865-F48F9C830350}"
EndProject
Global
	GlobalSection(SolutionConfigurationPlatforms) = preSolution
		Debug|Any CPU = Debug|Any CPU
		Release|Any CPU = Release|Any CPU
	EndGlobalSection
	GlobalSection(ProjectConfigurationPlatforms) = postSolution
		{00FF9191-7AD5-4278-9865-F48F9C830350}.Debug|Any CPU.ActiveCfg = Debug|Any CPU
		{00FF9191-7AD5-4278-9865-F48F9C830350}.Debug|Any CPU.Build.0 = Debug|Any CPU
		{00FF9191-7AD5-4278-9865-F48F9C830350}.Release|Any CPU.ActiveCfg = Release|Any CPU
		{00FF9191-7AD5-4278-9865-F48F9C830350}.Release|Any CPU.Build.0 = Release|Any CPU
	EndGlobalSection
	GlobalSection(SolutionProperties) = preSolution
		HideSolutionNode = FALSE
	EndGlobalSection
	GlobalSection(ExtensibilityGlobals) = postSolution
		SolutionGuid = {7778995B-D04D-4297-B912-A145751F39EE}
	EndGlobalSection
EndGlobal
