
Microsoft Visual Studio Solution File, Format Version 12.00
# Visual Studio 15
VisualStudioVersion = 15.0.28307.106
MinimumVisualStudioVersion = 10.0.40219.1
Project("{FAE04EC0-301F-11D3-BF4B-00C04F79EFBC}") = "RefValueTypes", "RefValueTypes\RefValueTypes.csproj", "{816974F3-5E8F-44E6-84C1-B3F0A2900599}"
EndProject
Global
	GlobalSection(SolutionConfigurationPlatforms) = preSolution
		Debug|Any CPU = Debug|Any CPU
		Release|Any CPU = Release|Any CPU
	EndGlobalSection
	GlobalSection(ProjectConfigurationPlatforms) = postSolution
		{816974F3-5E8F-44E6-84C1-B3F0A2900599}.Debug|Any CPU.ActiveCfg = Debug|Any CPU
		{816974F3-5E8F-44E6-84C1-B3F0A2900599}.Debug|Any CPU.Build.0 = Debug|Any CPU
		{816974F3-5E8F-44E6-84C1-B3F0A2900599}.Release|Any CPU.ActiveCfg = Release|Any CPU
		{816974F3-5E8F-44E6-84C1-B3F0A2900599}.Release|Any CPU.Build.0 = Release|Any CPU
	EndGlobalSection
	GlobalSection(SolutionProperties) = preSolution
		HideSolutionNode = FALSE
	EndGlobalSection
	GlobalSection(ExtensibilityGlobals) = postSolution
		SolutionGuid = {36281CAA-F089-4EEB-B258-5F19A576D1ED}
	EndGlobalSection
EndGlobal
