
Microsoft Visual Studio Solution File, Format Version 12.00
# Visual Studio 15
VisualStudioVersion = 15.0.28307.106
MinimumVisualStudioVersion = 10.0.40219.1
Project("{FAE04EC0-301F-11D3-BF4B-00C04F79EFBC}") = "AgeGate", "AgeGate\AgeGate.csproj", "{09C083D0-2719-4A18-8DED-E938BE69546F}"
EndProject
Global
	GlobalSection(SolutionConfigurationPlatforms) = preSolution
		Debug|Any CPU = Debug|Any CPU
		Release|Any CPU = Release|Any CPU
	EndGlobalSection
	GlobalSection(ProjectConfigurationPlatforms) = postSolution
		{09C083D0-2719-4A18-8DED-E938BE69546F}.Debug|Any CPU.ActiveCfg = Debug|Any CPU
		{09C083D0-2719-4A18-8DED-E938BE69546F}.Debug|Any CPU.Build.0 = Debug|Any CPU
		{09C083D0-2719-4A18-8DED-E938BE69546F}.Release|Any CPU.ActiveCfg = Release|Any CPU
		{09C083D0-2719-4A18-8DED-E938BE69546F}.Release|Any CPU.Build.0 = Release|Any CPU
	EndGlobalSection
	GlobalSection(SolutionProperties) = preSolution
		HideSolutionNode = FALSE
	EndGlobalSection
	GlobalSection(ExtensibilityGlobals) = postSolution
		SolutionGuid = {57B2D136-C6CD-470D-A9EE-DC23EAB1383F}
	EndGlobalSection
EndGlobal
