
Microsoft Visual Studio Solution File, Format Version 12.00
# Visual Studio 15
VisualStudioVersion = 15.0.28307.106
MinimumVisualStudioVersion = 10.0.40219.1
Project("{FAE04EC0-301F-11D3-BF4B-00C04F79EFBC}") = "SerBroEx", "SerBroEx\SerBroEx.csproj", "{BDB42F49-0300-4778-8CA3-C6712523A8EF}"
EndProject
Global
	GlobalSection(SolutionConfigurationPlatforms) = preSolution
		Debug|Any CPU = Debug|Any CPU
		Release|Any CPU = Release|Any CPU
	EndGlobalSection
	GlobalSection(ProjectConfigurationPlatforms) = postSolution
		{BDB42F49-0300-4778-8CA3-C6712523A8EF}.Debug|Any CPU.ActiveCfg = Debug|Any CPU
		{BDB42F49-0300-4778-8CA3-C6712523A8EF}.Debug|Any CPU.Build.0 = Debug|Any CPU
		{BDB42F49-0300-4778-8CA3-C6712523A8EF}.Release|Any CPU.ActiveCfg = Release|Any CPU
		{BDB42F49-0300-4778-8CA3-C6712523A8EF}.Release|Any CPU.Build.0 = Release|Any CPU
	EndGlobalSection
	GlobalSection(SolutionProperties) = preSolution
		HideSolutionNode = FALSE
	EndGlobalSection
	GlobalSection(ExtensibilityGlobals) = postSolution
		SolutionGuid = {BB52DC59-04F5-467C-95B1-005ABE418C37}
	EndGlobalSection
EndGlobal
